dependencies:
- name: fluent-bit
  repository: https://kubernetes-charts.storage.googleapis.com
  version: 2.7.0
- name: elasticsearch
  repository: https://helm.elastic.co
  version: 7.3.2
- name: kibana
  repository: https://helm.elastic.co
  version: 7.3.2
digest: sha256:d699d68b1cadd59299402c9e6e0a147cd9cee27402e6b74b38a47c7aab8a1bf4
generated: "2019-09-26T22:46:39.463699-07:00"
