dependencies:
- name: redis
  repository: https://kubernetes-charts.storage.googleapis.com
  version: 10.5.7
- name: postgresql
  repository: https://kubernetes-charts.storage.googleapis.com
  version: 8.6.4
digest: sha256:064fe32ebc10dca2926cd5557958bac56a0d7095f678888d77fd995bfc64784e
generated: "2020-05-20T14:37:10.7595032-07:00"
