dependencies:
- name: redis
  repository: https://charts.bitnami.com/bitnami
  version: 12.1.1
- name: postgresql
  repository: https://charts.bitnami.com/bitnami
  version: 10.1.1
- name: nats
  repository: https://charts.bitnami.com/bitnami
  version: 6.0.0
- name: kafka
  repository: https://charts.bitnami.com/bitnami
  version: 12.2.2
digest: sha256:5def2abc8234bc9028c91439b240c3e25c89f75cc645cc3b529d506b1cd11f9a
generated: "2020-12-03T09:25:34.200729567-08:00"
